
Microsoft Visual Studio Solution File, Format Version 12.00
# Visual Studio 14
VisualStudioVersion = 14.0.25420.1
MinimumVisualStudioVersion = 10.0.40219.1
Project("{FAE04EC0-301F-11D3-BF4B-00C04F79EFBC}") = "WeChat.Web", "WeChat.Web\WeChat.Web.csproj", "{CF7EC01E-FB4D-4628-8042-3F42B4C12CB0}"
EndProject
Project("{FAE04EC0-301F-11D3-BF4B-00C04F79EFBC}") = "WeChat.Web.Tests", "WeChat.Web.Tests\WeChat.Web.Tests.csproj", "{01925A11-22DC-46DF-B52C-6A456BAC7A78}"
EndProject
Project("{2150E333-8FDC-42A3-9474-1A3956D46DE8}") = "Business", "Business", "{6DD75ABC-5CF6-4D5F-B9CA-C150EDCD2410}"
EndProject
Project("{2150E333-8FDC-42A3-9474-1A3956D46DE8}") = "DAL", "DAL", "{4B39FA67-8A4B-4397-8F96-F42BDCF0AD3A}"
EndProject
Project("{FAE04EC0-301F-11D3-BF4B-00C04F79EFBC}") = "WeChat.BLL", "WeChat.BLL\WeChat.BLL.csproj", "{14277C66-D2E1-4E24-A6D1-66F6D9CFBEB7}"
EndProject
Project("{FAE04EC0-301F-11D3-BF4B-00C04F79EFBC}") = "WeChat.IDAL", "WeChat.IDAL\WeChat.IDAL.csproj", "{581AA0A6-08ED-4326-A22F-3324619A7172}"
EndProject
Project("{FAE04EC0-301F-11D3-BF4B-00C04F79EFBC}") = "WeChat.DAL", "WeChat.DAL\WeChat.DAL.csproj", "{070A7D10-C089-4580-828C-EEA6A0CF641C}"
EndProject
Project("{FAE04EC0-301F-11D3-BF4B-00C04F79EFBC}") = "WeChat.IBLL", "WeChat.IBLL\WeChat.IBLL.csproj", "{C01DE755-8A36-4357-B1FD-9E2672D09E69}"
EndProject
Project("{2150E333-8FDC-42A3-9474-1A3956D46DE8}") = "Model", "Model", "{8038BB48-D3EA-4629-95D0-BA2FB50DDAE3}"
EndProject
Project("{FAE04EC0-301F-11D3-BF4B-00C04F79EFBC}") = "WeChat.Model", "WeChat.Model\WeChat.Model.csproj", "{095CFD84-01FA-4505-8D5E-C358544CAB77}"
EndProject
Project("{FAE04EC0-301F-11D3-BF4B-00C04F79EFBC}") = "WeChat.Entity", "WeChat.Entity\WeChat.Entity.csproj", "{1E106267-FB11-446D-B374-FC32AEDF4E41}"
EndProject
Project("{FAE04EC0-301F-11D3-BF4B-00C04F79EFBC}") = "WeChat.Common", "WeChat.Common\WeChat.Common.csproj", "{FF449B78-4B3B-4EB9-86C7-86987EE022C4}"
EndProject
Project("{2150E333-8FDC-42A3-9474-1A3956D46DE8}") = "ReferenceDLL", "ReferenceDLL", "{382E1059-6CCD-4742-9E2F-16FCA3F33685}"
	ProjectSection(SolutionItems) = preProject
		ReferenceDLL\log4net.dll = ReferenceDLL\log4net.dll
		ReferenceDLL\Newtonsoft.Json.dll = ReferenceDLL\Newtonsoft.Json.dll
		ReferenceDLL\WeChat.BLL.dll = ReferenceDLL\WeChat.BLL.dll
		ReferenceDLL\WeChat.Common.dll = ReferenceDLL\WeChat.Common.dll
		ReferenceDLL\WeChat.DAL.dll = ReferenceDLL\WeChat.DAL.dll
		ReferenceDLL\WeChat.IBLL.dll = ReferenceDLL\WeChat.IBLL.dll
		ReferenceDLL\WeChat.IDAL.dll = ReferenceDLL\WeChat.IDAL.dll
	EndProjectSection
EndProject
Global
	GlobalSection(SolutionConfigurationPlatforms) = preSolution
		Debug|Any CPU = Debug|Any CPU
		Release|Any CPU = Release|Any CPU
	EndGlobalSection
	GlobalSection(ProjectConfigurationPlatforms) = postSolution
		{CF7EC01E-FB4D-4628-8042-3F42B4C12CB0}.Debug|Any CPU.ActiveCfg = Debug|Any CPU
		{CF7EC01E-FB4D-4628-8042-3F42B4C12CB0}.Debug|Any CPU.Build.0 = Debug|Any CPU
		{CF7EC01E-FB4D-4628-8042-3F42B4C12CB0}.Release|Any CPU.ActiveCfg = Release|Any CPU
		{CF7EC01E-FB4D-4628-8042-3F42B4C12CB0}.Release|Any CPU.Build.0 = Release|Any CPU
		{01925A11-22DC-46DF-B52C-6A456BAC7A78}.Debug|Any CPU.ActiveCfg = Debug|Any CPU
		{01925A11-22DC-46DF-B52C-6A456BAC7A78}.Debug|Any CPU.Build.0 = Debug|Any CPU
		{01925A11-22DC-46DF-B52C-6A456BAC7A78}.Release|Any CPU.ActiveCfg = Release|Any CPU
		{01925A11-22DC-46DF-B52C-6A456BAC7A78}.Release|Any CPU.Build.0 = Release|Any CPU
		{14277C66-D2E1-4E24-A6D1-66F6D9CFBEB7}.Debug|Any CPU.ActiveCfg = Debug|Any CPU
		{14277C66-D2E1-4E24-A6D1-66F6D9CFBEB7}.Debug|Any CPU.Build.0 = Debug|Any CPU
		{14277C66-D2E1-4E24-A6D1-66F6D9CFBEB7}.Release|Any CPU.ActiveCfg = Release|Any CPU
		{14277C66-D2E1-4E24-A6D1-66F6D9CFBEB7}.Release|Any CPU.Build.0 = Release|Any CPU
		{581AA0A6-08ED-4326-A22F-3324619A7172}.Debug|Any CPU.ActiveCfg = Debug|Any CPU
		{581AA0A6-08ED-4326-A22F-3324619A7172}.Debug|Any CPU.Build.0 = Debug|Any CPU
		{581AA0A6-08ED-4326-A22F-3324619A7172}.Release|Any CPU.ActiveCfg = Release|Any CPU
		{581AA0A6-08ED-4326-A22F-3324619A7172}.Release|Any CPU.Build.0 = Release|Any CPU
		{070A7D10-C089-4580-828C-EEA6A0CF641C}.Debug|Any CPU.ActiveCfg = Debug|Any CPU
		{070A7D10-C089-4580-828C-EEA6A0CF641C}.Debug|Any CPU.Build.0 = Debug|Any CPU
		{070A7D10-C089-4580-828C-EEA6A0CF641C}.Release|Any CPU.ActiveCfg = Release|Any CPU
		{070A7D10-C089-4580-828C-EEA6A0CF641C}.Release|Any CPU.Build.0 = Release|Any CPU
		{C01DE755-8A36-4357-B1FD-9E2672D09E69}.Debug|Any CPU.ActiveCfg = Debug|Any CPU
		{C01DE755-8A36-4357-B1FD-9E2672D09E69}.Debug|Any CPU.Build.0 = Debug|Any CPU
		{C01DE755-8A36-4357-B1FD-9E2672D09E69}.Release|Any CPU.ActiveCfg = Release|Any CPU
		{C01DE755-8A36-4357-B1FD-9E2672D09E69}.Release|Any CPU.Build.0 = Release|Any CPU
		{095CFD84-01FA-4505-8D5E-C358544CAB77}.Debug|Any CPU.ActiveCfg = Debug|Any CPU
		{095CFD84-01FA-4505-8D5E-C358544CAB77}.Debug|Any CPU.Build.0 = Debug|Any CPU
		{095CFD84-01FA-4505-8D5E-C358544CAB77}.Release|Any CPU.ActiveCfg = Release|Any CPU
		{095CFD84-01FA-4505-8D5E-C358544CAB77}.Release|Any CPU.Build.0 = Release|Any CPU
		{1E106267-FB11-446D-B374-FC32AEDF4E41}.Debug|Any CPU.ActiveCfg = Debug|Any CPU
		{1E106267-FB11-446D-B374-FC32AEDF4E41}.Debug|Any CPU.Build.0 = Debug|Any CPU
		{1E106267-FB11-446D-B374-FC32AEDF4E41}.Release|Any CPU.ActiveCfg = Release|Any CPU
		{1E106267-FB11-446D-B374-FC32AEDF4E41}.Release|Any CPU.Build.0 = Release|Any CPU
		{FF449B78-4B3B-4EB9-86C7-86987EE022C4}.Debug|Any CPU.ActiveCfg = Debug|Any CPU
		{FF449B78-4B3B-4EB9-86C7-86987EE022C4}.Debug|Any CPU.Build.0 = Debug|Any CPU
		{FF449B78-4B3B-4EB9-86C7-86987EE022C4}.Release|Any CPU.ActiveCfg = Release|Any CPU
		{FF449B78-4B3B-4EB9-86C7-86987EE022C4}.Release|Any CPU.Build.0 = Release|Any CPU
	EndGlobalSection
	GlobalSection(SolutionProperties) = preSolution
		HideSolutionNode = FALSE
	EndGlobalSection
	GlobalSection(NestedProjects) = preSolution
		{14277C66-D2E1-4E24-A6D1-66F6D9CFBEB7} = {6DD75ABC-5CF6-4D5F-B9CA-C150EDCD2410}
		{581AA0A6-08ED-4326-A22F-3324619A7172} = {4B39FA67-8A4B-4397-8F96-F42BDCF0AD3A}
		{070A7D10-C089-4580-828C-EEA6A0CF641C} = {4B39FA67-8A4B-4397-8F96-F42BDCF0AD3A}
		{C01DE755-8A36-4357-B1FD-9E2672D09E69} = {6DD75ABC-5CF6-4D5F-B9CA-C150EDCD2410}
		{095CFD84-01FA-4505-8D5E-C358544CAB77} = {8038BB48-D3EA-4629-95D0-BA2FB50DDAE3}
		{1E106267-FB11-446D-B374-FC32AEDF4E41} = {8038BB48-D3EA-4629-95D0-BA2FB50DDAE3}
	EndGlobalSection
EndGlobal
